
Microsoft Visual Studio Solution File, Format Version 12.00
# Visual Studio 14
VisualStudioVersion = 14.0.25123.0
MinimumVisualStudioVersion = 10.0.40219.1
Project("{FAE04EC0-301F-11D3-BF4B-00C04F79EFBC}") = "Grosvenor.Restaurant.Main", "Grosvenor.Restaurant.Main\Grosvenor.Restaurant.Main.csproj", "{BB813523-BADB-43AB-BFED-92445E200228}"
EndProject
Project("{FAE04EC0-301F-11D3-BF4B-00C04F79EFBC}") = "Grosvenor.Restaurant.Domain", "Grosvenor.Restaurant.Domain\Grosvenor.Restaurant.Domain.csproj", "{965E07C1-30E5-46A3-BB9E-C224AD314E29}"
EndProject
Project("{FAE04EC0-301F-11D3-BF4B-00C04F79EFBC}") = "Grosvenor.Restaurant.DomainTests", "Grosvenor.Restaurant.DomainTests\Grosvenor.Restaurant.DomainTests.csproj", "{5ADB4F03-2A83-4F5D-A373-FE78BB5B9637}"
EndProject
Project("{2150E333-8FDC-42A3-9474-1A3956D46DE8}") = "SolutionFiles", "SolutionFiles", "{C48B467D-7721-4A8A-B1EE-9660D0280F40}"
EndProject
Project("{2150E333-8FDC-42A3-9474-1A3956D46DE8}") = "Scripts", "Scripts", "{3D996D2C-AB61-4D5F-9005-C62E28DE813B}"
	ProjectSection(SolutionItems) = preProject
		SolutionFiles\Scripts\BuildAndTest.ps1 = SolutionFiles\Scripts\BuildAndTest.ps1
	EndProjectSection
EndProject
Global
	GlobalSection(SolutionConfigurationPlatforms) = preSolution
		Debug|Any CPU = Debug|Any CPU
		Release|Any CPU = Release|Any CPU
	EndGlobalSection
	GlobalSection(ProjectConfigurationPlatforms) = postSolution
		{BB813523-BADB-43AB-BFED-92445E200228}.Debug|Any CPU.ActiveCfg = Debug|Any CPU
		{BB813523-BADB-43AB-BFED-92445E200228}.Debug|Any CPU.Build.0 = Debug|Any CPU
		{BB813523-BADB-43AB-BFED-92445E200228}.Release|Any CPU.ActiveCfg = Release|Any CPU
		{BB813523-BADB-43AB-BFED-92445E200228}.Release|Any CPU.Build.0 = Release|Any CPU
		{965E07C1-30E5-46A3-BB9E-C224AD314E29}.Debug|Any CPU.ActiveCfg = Debug|Any CPU
		{965E07C1-30E5-46A3-BB9E-C224AD314E29}.Debug|Any CPU.Build.0 = Debug|Any CPU
		{965E07C1-30E5-46A3-BB9E-C224AD314E29}.Release|Any CPU.ActiveCfg = Release|Any CPU
		{965E07C1-30E5-46A3-BB9E-C224AD314E29}.Release|Any CPU.Build.0 = Release|Any CPU
		{5ADB4F03-2A83-4F5D-A373-FE78BB5B9637}.Debug|Any CPU.ActiveCfg = Debug|Any CPU
		{5ADB4F03-2A83-4F5D-A373-FE78BB5B9637}.Debug|Any CPU.Build.0 = Debug|Any CPU
		{5ADB4F03-2A83-4F5D-A373-FE78BB5B9637}.Release|Any CPU.ActiveCfg = Release|Any CPU
		{5ADB4F03-2A83-4F5D-A373-FE78BB5B9637}.Release|Any CPU.Build.0 = Release|Any CPU
	EndGlobalSection
	GlobalSection(SolutionProperties) = preSolution
		HideSolutionNode = FALSE
	EndGlobalSection
	GlobalSection(NestedProjects) = preSolution
		{3D996D2C-AB61-4D5F-9005-C62E28DE813B} = {C48B467D-7721-4A8A-B1EE-9660D0280F40}
	EndGlobalSection
EndGlobal
